
Microsoft Visual Studio Solution File, Format Version 12.00
# Visual Studio 15
VisualStudioVersion = 15.0.28307.1062
MinimumVisualStudioVersion = 10.0.40219.1
Project("{9A19103F-16F7-4668-BE54-9A1E7A4F7556}") = "Air.Compare", "Air.Compare\Air.Compare.csproj", "{3EC7C533-C079-4213-AB7D-050EE5A6F578}"
EndProject
Project("{9A19103F-16F7-4668-BE54-9A1E7A4F7556}") = "Tests", "Tests\Tests.csproj", "{C3935939-E61C-4CE0-97EB-3B92397BF3FF}"
EndProject
Global
	GlobalSection(SolutionConfigurationPlatforms) = preSolution
		Debug|Any CPU = Debug|Any CPU
		Release|Any CPU = Release|Any CPU
	EndGlobalSection
	GlobalSection(ProjectConfigurationPlatforms) = postSolution
		{3EC7C533-C079-4213-AB7D-050EE5A6F578}.Debug|Any CPU.ActiveCfg = Debug|Any CPU
		{3EC7C533-C079-4213-AB7D-050EE5A6F578}.Debug|Any CPU.Build.0 = Debug|Any CPU
		{3EC7C533-C079-4213-AB7D-050EE5A6F578}.Release|Any CPU.ActiveCfg = Release|Any CPU
		{3EC7C533-C079-4213-AB7D-050EE5A6F578}.Release|Any CPU.Build.0 = Release|Any CPU
		{C3935939-E61C-4CE0-97EB-3B92397BF3FF}.Debug|Any CPU.ActiveCfg = Debug|Any CPU
		{C3935939-E61C-4CE0-97EB-3B92397BF3FF}.Debug|Any CPU.Build.0 = Debug|Any CPU
		{C3935939-E61C-4CE0-97EB-3B92397BF3FF}.Release|Any CPU.ActiveCfg = Release|Any CPU
		{C3935939-E61C-4CE0-97EB-3B92397BF3FF}.Release|Any CPU.Build.0 = Release|Any CPU
	EndGlobalSection
	GlobalSection(SolutionProperties) = preSolution
		HideSolutionNode = FALSE
	EndGlobalSection
	GlobalSection(ExtensibilityGlobals) = postSolution
		SolutionGuid = {B8D5BE39-64B6-4516-A49C-243ACAE88C70}
	EndGlobalSection
EndGlobal
